
Microsoft Visual Studio Solution File, Format Version 12.00
# Visual Studio 15
VisualStudioVersion = 15.0.26430.16
MinimumVisualStudioVersion = 10.0.40219.1
Project("{FAE04EC0-301F-11D3-BF4B-00C04F79EFBC}") = "Problem3", "Problem3\Problem3.csproj", "{E007346C-9618-4088-B741-7C716B965FAC}"
EndProject
Project("{FAE04EC0-301F-11D3-BF4B-00C04F79EFBC}") = "Problem3Tests", "Problem3Tests\Problem3Tests.csproj", "{A232680D-B801-4CC1-A022-B02D721D7388}"
EndProject
Global
	GlobalSection(SolutionConfigurationPlatforms) = preSolution
		Debug|Any CPU = Debug|Any CPU
		Release|Any CPU = Release|Any CPU
	EndGlobalSection
	GlobalSection(ProjectConfigurationPlatforms) = postSolution
		{E007346C-9618-4088-B741-7C716B965FAC}.Debug|Any CPU.ActiveCfg = Debug|Any CPU
		{E007346C-9618-4088-B741-7C716B965FAC}.Debug|Any CPU.Build.0 = Debug|Any CPU
		{E007346C-9618-4088-B741-7C716B965FAC}.Release|Any CPU.ActiveCfg = Release|Any CPU
		{E007346C-9618-4088-B741-7C716B965FAC}.Release|Any CPU.Build.0 = Release|Any CPU
		{A232680D-B801-4CC1-A022-B02D721D7388}.Debug|Any CPU.ActiveCfg = Debug|Any CPU
		{A232680D-B801-4CC1-A022-B02D721D7388}.Debug|Any CPU.Build.0 = Debug|Any CPU
		{A232680D-B801-4CC1-A022-B02D721D7388}.Release|Any CPU.ActiveCfg = Release|Any CPU
		{A232680D-B801-4CC1-A022-B02D721D7388}.Release|Any CPU.Build.0 = Release|Any CPU
	EndGlobalSection
	GlobalSection(SolutionProperties) = preSolution
		HideSolutionNode = FALSE
	EndGlobalSection
EndGlobal
